
Microsoft Visual Studio Solution File, Format Version 12.00
# Visual Studio Version 16
VisualStudioVersion = 16.0.29306.81
MinimumVisualStudioVersion = 10.0.40219.1
Project("{FAE04EC0-301F-11D3-BF4B-00C04F79EFBC}") = "CParse", "CParse.csproj", "{62103CEB-6DBF-4A6F-AFEC-9552352BB2F9}"
EndProject
Global
	GlobalSection(SolutionConfigurationPlatforms) = preSolution
		Debug|Any CPU = Debug|Any CPU
		Release|Any CPU = Release|Any CPU
	EndGlobalSection
	GlobalSection(ProjectConfigurationPlatforms) = postSolution
		{62103CEB-6DBF-4A6F-AFEC-9552352BB2F9}.Debug|Any CPU.ActiveCfg = Debug|Any CPU
		{62103CEB-6DBF-4A6F-AFEC-9552352BB2F9}.Debug|Any CPU.Build.0 = Debug|Any CPU
		{62103CEB-6DBF-4A6F-AFEC-9552352BB2F9}.Release|Any CPU.ActiveCfg = Release|Any CPU
		{62103CEB-6DBF-4A6F-AFEC-9552352BB2F9}.Release|Any CPU.Build.0 = Release|Any CPU
	EndGlobalSection
	GlobalSection(SolutionProperties) = preSolution
		HideSolutionNode = FALSE
	EndGlobalSection
	GlobalSection(ExtensibilityGlobals) = postSolution
		SolutionGuid = {14B0CCDC-0E7A-4643-B097-F219369C6EAA}
	EndGlobalSection
EndGlobal
